// !$*UTF8*$!
{
	archiveVersion = 1;
	classes = {
	};
	objectVersion = 52;
	objects = {

/* Begin PBXBuildFile section */
		193E586625C10C8900A894CD /* TeamView.swift in Sources */ = {isa = PBXBuildFile; fileRef = 193E586525C10C8900A894CD /* TeamView.swift */; };
		193E587025C10CD800A894CD /* LadderView.swift in Sources */ = {isa = PBXBuildFile; fileRef = 193E586F25C10CD800A894CD /* LadderView.swift */; };
		193E587625C10CE300A894CD /* NewsView.swift in Sources */ = {isa = PBXBuildFile; fileRef = 193E587525C10CE300A894CD /* NewsView.swift */; };
		193E588A25C10D9F00A894CD /* ContentView.swift in Sources */ = {isa = PBXBuildFile; fileRef = 193E588925C10D9F00A894CD /* ContentView.swift */; };
		194952BF25B657B800722B49 /* Tests_iOS.swift in Sources */ = {isa = PBXBuildFile; fileRef = 194952BE25B657B800722B49 /* Tests_iOS.swift */; };
		194952CA25B657B900722B49 /* Tests_macOS.swift in Sources */ = {isa = PBXBuildFile; fileRef = 194952C925B657B900722B49 /* Tests_macOS.swift */; };
		194952CC25B657B900722B49 /* mNRLApp.swift in Sources */ = {isa = PBXBuildFile; fileRef = 194952A325B657B500722B49 /* mNRLApp.swift */; };
		194952CD25B657B900722B49 /* mNRLApp.swift in Sources */ = {isa = PBXBuildFile; fileRef = 194952A325B657B500722B49 /* mNRLApp.swift */; };
		194952D025B657B900722B49 /* Assets.xcassets in Resources */ = {isa = PBXBuildFile; fileRef = 194952A525B657B800722B49 /* Assets.xcassets */; };
		194952D125B657B900722B49 /* Assets.xcassets in Resources */ = {isa = PBXBuildFile; fileRef = 194952A525B657B800722B49 /* Assets.xcassets */; };
		194952EE25B664AE00722B49 /* TeamList.swift in Sources */ = {isa = PBXBuildFile; fileRef = 194952ED25B664AE00722B49 /* TeamList.swift */; };
		1949532C25B6DA6300722B49 /* DrawData.swift in Sources */ = {isa = PBXBuildFile; fileRef = 1949532B25B6DA6300722B49 /* DrawData.swift */; };
		194953A225B7E7D300722B49 /* DrawView.swift in Sources */ = {isa = PBXBuildFile; fileRef = 194953A125B7E7D300722B49 /* DrawView.swift */; };
		194953A825B7E7F700722B49 /* Helpers.swift in Sources */ = {isa = PBXBuildFile; fileRef = 194953A725B7E7F700722B49 /* Helpers.swift */; };
		19A048C125C136F300EA015C /* NewsData.swift in Sources */ = {isa = PBXBuildFile; fileRef = 19A048C025C136F300EA015C /* NewsData.swift */; };
		19A048D425C1405F00EA015C /* SDWebImageSwiftUI in Frameworks */ = {isa = PBXBuildFile; productRef = 19A048D325C1405F00EA015C /* SDWebImageSwiftUI */; };
/* End PBXBuildFile section */

/* Begin PBXContainerItemProxy section */
		194952BB25B657B800722B49 /* PBXContainerItemProxy */ = {
			isa = PBXContainerItemProxy;
			containerPortal = 1949529E25B657B500722B49 /* Project object */;
			proxyType = 1;
			remoteGlobalIDString = 194952A925B657B800722B49;
			remoteInfo = "mNRL (iOS)";
		};
		194952C625B657B900722B49 /* PBXContainerItemProxy */ = {
			isa = PBXContainerItemProxy;
			containerPortal = 1949529E25B657B500722B49 /* Project object */;
			proxyType = 1;
			remoteGlobalIDString = 194952B125B657B800722B49;
			remoteInfo = "mNRL (macOS)";
		};
/* End PBXContainerItemProxy section */

/* Begin PBXFileReference section */
		193E586525C10C8900A894CD /* TeamView.swift */ = {isa = PBXFileReference; lastKnownFileType = sourcecode.swift; path = TeamView.swift; sourceTree = "<group>"; };
		193E586F25C10CD800A894CD /* LadderView.swift */ = {isa = PBXFileReference; lastKnownFileType = sourcecode.swift; path = LadderView.swift; sourceTree = "<group>"; };
		193E587525C10CE300A894CD /* NewsView.swift */ = {isa = PBXFileReference; lastKnownFileType = sourcecode.swift; path = NewsView.swift; sourceTree = "<group>"; };
		193E588925C10D9F00A894CD /* ContentView.swift */ = {isa = PBXFileReference; lastKnownFileType = sourcecode.swift; path = ContentView.swift; sourceTree = "<group>"; };
		194952A325B657B500722B49 /* mNRLApp.swift */ = {isa = PBXFileReference; lastKnownFileType = sourcecode.swift; path = mNRLApp.swift; sourceTree = "<group>"; };
		194952A525B657B800722B49 /* Assets.xcassets */ = {isa = PBXFileReference; lastKnownFileType = folder.assetcatalog; path = Assets.xcassets; sourceTree = "<group>"; };
		194952AA25B657B800722B49 /* mNRL.app */ = {isa = PBXFileReference; explicitFileType = wrapper.application; includeInIndex = 0; path = mNRL.app; sourceTree = BUILT_PRODUCTS_DIR; };
		194952AD25B657B800722B49 /* Info.plist */ = {isa = PBXFileReference; lastKnownFileType = text.plist.xml; path = Info.plist; sourceTree = "<group>"; };
		194952B225B657B800722B49 /* mNRL.app */ = {isa = PBXFileReference; explicitFileType = wrapper.application; includeInIndex = 0; path = mNRL.app; sourceTree = BUILT_PRODUCTS_DIR; };
		194952B425B657B800722B49 /* Info.plist */ = {isa = PBXFileReference; lastKnownFileType = text.plist.xml; path = Info.plist; sourceTree = "<group>"; };
		194952B525B657B800722B49 /* macOS.entitlements */ = {isa = PBXFileReference; lastKnownFileType = text.plist.entitlements; path = macOS.entitlements; sourceTree = "<group>"; };
		194952BA25B657B800722B49 /* Tests iOS.xctest */ = {isa = PBXFileReference; explicitFileType = wrapper.cfbundle; includeInIndex = 0; path = "Tests iOS.xctest"; sourceTree = BUILT_PRODUCTS_DIR; };
		194952BE25B657B800722B49 /* Tests_iOS.swift */ = {isa = PBXFileReference; lastKnownFileType = sourcecode.swift; path = Tests_iOS.swift; sourceTree = "<group>"; };
		194952C025B657B800722B49 /* Info.plist */ = {isa = PBXFileReference; lastKnownFileType = text.plist.xml; path = Info.plist; sourceTree = "<group>"; };
		194952C525B657B900722B49 /* Tests macOS.xctest */ = {isa = PBXFileReference; explicitFileType = wrapper.cfbundle; includeInIndex = 0; path = "Tests macOS.xctest"; sourceTree = BUILT_PRODUCTS_DIR; };
		194952C925B657B900722B49 /* Tests_macOS.swift */ = {isa = PBXFileReference; lastKnownFileType = sourcecode.swift; path = Tests_macOS.swift; sourceTree = "<group>"; };
		194952CB25B657B900722B49 /* Info.plist */ = {isa = PBXFileReference; lastKnownFileType = text.plist.xml; path = Info.plist; sourceTree = "<group>"; };
		194952ED25B664AE00722B49 /* TeamList.swift */ = {isa = PBXFileReference; lastKnownFileType = sourcecode.swift; path = TeamList.swift; sourceTree = "<group>"; };
		1949532B25B6DA6300722B49 /* DrawData.swift */ = {isa = PBXFileReference; lastKnownFileType = sourcecode.swift; path = DrawData.swift; sourceTree = "<group>"; };
		194953A125B7E7D300722B49 /* DrawView.swift */ = {isa = PBXFileReference; lastKnownFileType = sourcecode.swift; path = DrawView.swift; sourceTree = "<group>"; };
		194953A725B7E7F700722B49 /* Helpers.swift */ = {isa = PBXFileReference; lastKnownFileType = sourcecode.swift; path = Helpers.swift; sourceTree = "<group>"; };
		19A048C025C136F300EA015C /* NewsData.swift */ = {isa = PBXFileReference; lastKnownFileType = sourcecode.swift; path = NewsData.swift; sourceTree = "<group>"; };
/* End PBXFileReference section */

/* Begin PBXFrameworksBuildPhase section */
		194952A725B657B800722B49 /* Frameworks */ = {
			isa = PBXFrameworksBuildPhase;
			buildActionMask = 2147483647;
			files = (
				19A048D425C1405F00EA015C /* SDWebImageSwiftUI in Frameworks */,
			);
			runOnlyForDeploymentPostprocessing = 0;
		};
		194952AF25B657B800722B49 /* Frameworks */ = {
			isa = PBXFrameworksBuildPhase;
			buildActionMask = 2147483647;
			files = (
			);
			runOnlyForDeploymentPostprocessing = 0;
		};
		194952B725B657B800722B49 /* Frameworks */ = {
			isa = PBXFrameworksBuildPhase;
			buildActionMask = 2147483647;
			files = (
			);
			runOnlyForDeploymentPostprocessing = 0;
		};
		194952C225B657B900722B49 /* Frameworks */ = {
			isa = PBXFrameworksBuildPhase;
			buildActionMask = 2147483647;
			files = (
			);
			runOnlyForDeploymentPostprocessing = 0;
		};
/* End PBXFrameworksBuildPhase section */

/* Begin PBXGroup section */
		193E586025C10C6B00A894CD /* View */ = {
			isa = PBXGroup;
			children = (
				193E588925C10D9F00A894CD /* ContentView.swift */,
				194953A125B7E7D300722B49 /* DrawView.swift */,
				193E586525C10C8900A894CD /* TeamView.swift */,
				193E586F25C10CD800A894CD /* LadderView.swift */,
				193E587525C10CE300A894CD /* NewsView.swift */,
			);
			path = View;
			sourceTree = "<group>";
		};
		1949529D25B657B500722B49 = {
			isa = PBXGroup;
			children = (
				194952A225B657B500722B49 /* Shared */,
				194952AC25B657B800722B49 /* iOS */,
				194952B325B657B800722B49 /* macOS */,
				194952BD25B657B800722B49 /* Tests iOS */,
				194952C825B657B900722B49 /* Tests macOS */,
				194952AB25B657B800722B49 /* Products */,
			);
			sourceTree = "<group>";
		};
		194952A225B657B500722B49 /* Shared */ = {
			isa = PBXGroup;
			children = (
				194952A325B657B500722B49 /* mNRLApp.swift */,
				194953A725B7E7F700722B49 /* Helpers.swift */,
				193E586025C10C6B00A894CD /* View */,
				194952EC25B664A100722B49 /* Model */,
				194952A525B657B800722B49 /* Assets.xcassets */,
			);
			path = Shared;
			sourceTree = "<group>";
		};
		194952AB25B657B800722B49 /* Products */ = {
			isa = PBXGroup;
			children = (
				194952AA25B657B800722B49 /* mNRL.app */,
				194952B225B657B800722B49 /* mNRL.app */,
				194952BA25B657B800722B49 /* Tests iOS.xctest */,
				194952C525B657B900722B49 /* Tests macOS.xctest */,
			);
			name = Products;
			sourceTree = "<group>";
		};
		194952AC25B657B800722B49 /* iOS */ = {
			isa = PBXGroup;
			children = (
				194952AD25B657B800722B49 /* Info.plist */,
			);
			path = iOS;
			sourceTree = "<group>";
		};
		194952B325B657B800722B49 /* macOS */ = {
			isa = PBXGroup;
			children = (
				194952B425B657B800722B49 /* Info.plist */,
				194952B525B657B800722B49 /* macOS.entitlements */,
			);
			path = macOS;
			sourceTree = "<group>";
		};
		194952BD25B657B800722B49 /* Tests iOS */ = {
			isa = PBXGroup;
			children = (
				194952BE25B657B800722B49 /* Tests_iOS.swift */,
				194952C025B657B800722B49 /* Info.plist */,
			);
			path = "Tests iOS";
			sourceTree = "<group>";
		};
		194952C825B657B900722B49 /* Tests macOS */ = {
			isa = PBXGroup;
			children = (
				194952C925B657B900722B49 /* Tests_macOS.swift */,
				194952CB25B657B900722B49 /* Info.plist */,
			);
			path = "Tests macOS";
			sourceTree = "<group>";
		};
		194952EC25B664A100722B49 /* Model */ = {
			isa = PBXGroup;
			children = (
				194952ED25B664AE00722B49 /* TeamList.swift */,
				1949532B25B6DA6300722B49 /* DrawData.swift */,
				19A048C025C136F300EA015C /* NewsData.swift */,
			);
			path = Model;
			sourceTree = "<group>";
		};
/* End PBXGroup section */

/* Begin PBXNativeTarget section */
		194952A925B657B800722B49 /* mNRL (iOS) */ = {
			isa = PBXNativeTarget;
			buildConfigurationList = 194952D425B657B900722B49 /* Build configuration list for PBXNativeTarget "mNRL (iOS)" */;
			buildPhases = (
				194952A625B657B800722B49 /* Sources */,
				194952A725B657B800722B49 /* Frameworks */,
				194952A825B657B800722B49 /* Resources */,
			);
			buildRules = (
			);
			dependencies = (
			);
			name = "mNRL (iOS)";
			packageProductDependencies = (
				19A048D325C1405F00EA015C /* SDWebImageSwiftUI */,
			);
			productName = "mNRL (iOS)";
			productReference = 194952AA25B657B800722B49 /* mNRL.app */;
			productType = "com.apple.product-type.application";
		};
		194952B125B657B800722B49 /* mNRL (macOS) */ = {
			isa = PBXNativeTarget;
			buildConfigurationList = 194952D725B657B900722B49 /* Build configuration list for PBXNativeTarget "mNRL (macOS)" */;
			buildPhases = (
				194952AE25B657B800722B49 /* Sources */,
				194952AF25B657B800722B49 /* Frameworks */,
				194952B025B657B800722B49 /* Resources */,
			);
			buildRules = (
			);
			dependencies = (
			);
			name = "mNRL (macOS)";
			productName = "mNRL (macOS)";
			productReference = 194952B225B657B800722B49 /* mNRL.app */;
			productType = "com.apple.product-type.application";
		};
		194952B925B657B800722B49 /* Tests iOS */ = {
			isa = PBXNativeTarget;
			buildConfigurationList = 194952DA25B657B900722B49 /* Build configuration list for PBXNativeTarget "Tests iOS" */;
			buildPhases = (
				194952B625B657B800722B49 /* Sources */,
				194952B725B657B800722B49 /* Frameworks */,
				194952B825B657B800722B49 /* Resources */,
			);
			buildRules = (
			);
			dependencies = (
				194952BC25B657B800722B49 /* PBXTargetDependency */,
			);
			name = "Tests iOS";
			productName = "Tests iOS";
			productReference = 194952BA25B657B800722B49 /* Tests iOS.xctest */;
			productType = "com.apple.product-type.bundle.ui-testing";
		};
		194952C425B657B900722B49 /* Tests macOS */ = {
			isa = PBXNativeTarget;
			buildConfigurationList = 194952DD25B657B900722B49 /* Build configuration list for PBXNativeTarget "Tests macOS" */;
			buildPhases = (
				194952C125B657B900722B49 /* Sources */,
				194952C225B657B900722B49 /* Frameworks */,
				194952C325B657B900722B49 /* Resources */,
			);
			buildRules = (
			);
			dependencies = (
				194952C725B657B900722B49 /* PBXTargetDependency */,
			);
			name = "Tests macOS";
			productName = "Tests macOS";
			productReference = 194952C525B657B900722B49 /* Tests macOS.xctest */;
			productType = "com.apple.product-type.bundle.ui-testing";
		};
/* End PBXNativeTarget section */

/* Begin PBXProject section */
		1949529E25B657B500722B49 /* Project object */ = {
			isa = PBXProject;
			attributes = {
				LastSwiftUpdateCheck = 1230;
				LastUpgradeCheck = 1240;
				TargetAttributes = {
					194952A925B657B800722B49 = {
						CreatedOnToolsVersion = 12.3;
					};
					194952B125B657B800722B49 = {
						CreatedOnToolsVersion = 12.3;
					};
					194952B925B657B800722B49 = {
						CreatedOnToolsVersion = 12.3;
						TestTargetID = 194952A925B657B800722B49;
					};
					194952C425B657B900722B49 = {
						CreatedOnToolsVersion = 12.3;
						TestTargetID = 194952B125B657B800722B49;
					};
				};
			};
			buildConfigurationList = 194952A125B657B500722B49 /* Build configuration list for PBXProject "mNRL" */;
			compatibilityVersion = "Xcode 9.3";
			developmentRegion = en;
			hasScannedForEncodings = 0;
			knownRegions = (
				en,
				Base,
			);
			mainGroup = 1949529D25B657B500722B49;
			packageReferences = (
				19A048D225C1405F00EA015C /* XCRemoteSwiftPackageReference "SDWebImageSwiftUI" */,
			);
			productRefGroup = 194952AB25B657B800722B49 /* Products */;
			projectDirPath = "";
			projectRoot = "";
			targets = (
				194952A925B657B800722B49 /* mNRL (iOS) */,
				194952B125B657B800722B49 /* mNRL (macOS) */,
				194952B925B657B800722B49 /* Tests iOS */,
				194952C425B657B900722B49 /* Tests macOS */,
			);
		};
/* End PBXProject section */

/* Begin PBXResourcesBuildPhase section */
		194952A825B657B800722B49 /* Resources */ = {
			isa = PBXResourcesBuildPhase;
			buildActionMask = 2147483647;
			files = (
				194952D025B657B900722B49 /* Assets.xcassets in Resources */,
			);
			runOnlyForDeploymentPostprocessing = 0;
		};
		194952B025B657B800722B49 /* Resources */ = {
			isa = PBXResourcesBuildPhase;
			buildActionMask = 2147483647;
			files = (
				194952D125B657B900722B49 /* Assets.xcassets in Resources */,
			);
			runOnlyForDeploymentPostprocessing = 0;
		};
		194952B825B657B800722B49 /* Resources */ = {
			isa = PBXResourcesBuildPhase;
			buildActionMask = 2147483647;
			files = (
			);
			runOnlyForDeploymentPostprocessing = 0;
		};
		194952C325B657B900722B49 /* Resources */ = {
			isa = PBXResourcesBuildPhase;
			buildActionMask = 2147483647;
			files = (
			);
			runOnlyForDeploymentPostprocessing = 0;
		};
/* End PBXResourcesBuildPhase section */

/* Begin PBXSourcesBuildPhase section */
		194952A625B657B800722B49 /* Sources */ = {
			isa = PBXSourcesBuildPhase;
			buildActionMask = 2147483647;
			files = (
				194953A825B7E7F700722B49 /* Helpers.swift in Sources */,
				193E587625C10CE300A894CD /* NewsView.swift in Sources */,
				193E587025C10CD800A894CD /* LadderView.swift in Sources */,
				194953A225B7E7D300722B49 /* DrawView.swift in Sources */,
				19A048C125C136F300EA015C /* NewsData.swift in Sources */,
				194952CC25B657B900722B49 /* mNRLApp.swift in Sources */,
				193E588A25C10D9F00A894CD /* ContentView.swift in Sources */,
				1949532C25B6DA6300722B49 /* DrawData.swift in Sources */,
				193E586625C10C8900A894CD /* TeamView.swift in Sources */,
				194952EE25B664AE00722B49 /* TeamList.swift in Sources */,
			);
			runOnlyForDeploymentPostprocessing = 0;
		};
		194952AE25B657B800722B49 /* Sources */ = {
			isa = PBXSourcesBuildPhase;
			buildActionMask = 2147483647;
			files = (
				194952CD25B657B900722B49 /* mNRLApp.swift in Sources */,
			);
			runOnlyForDeploymentPostprocessing = 0;
		};
		194952B625B657B800722B49 /* Sources */ = {
			isa = PBXSourcesBuildPhase;
			buildActionMask = 2147483647;
			files = (
				194952BF25B657B800722B49 /* Tests_iOS.swift in Sources */,
			);
			runOnlyForDeploymentPostprocessing = 0;
		};
		194952C125B657B900722B49 /* Sources */ = {
			isa = PBXSourcesBuildPhase;
			buildActionMask = 2147483647;
			files = (
				194952CA25B657B900722B49 /* Tests_macOS.swift in Sources */,
			);
			runOnlyForDeploymentPostprocessing = 0;
		};
/* End PBXSourcesBuildPhase section */

/* Begin PBXTargetDependency section */
		194952BC25B657B800722B49 /* PBXTargetDependency */ = {
			isa = PBXTargetDependency;
			target = 194952A925B657B800722B49 /* mNRL (iOS) */;
			targetProxy = 194952BB25B657B800722B49 /* PBXContainerItemProxy */;
		};
		194952C725B657B900722B49 /* PBXTargetDependency */ = {
			isa = PBXTargetDependency;
			target = 194952B125B657B800722B49 /* mNRL (macOS) */;
			targetProxy = 194952C625B657B900722B49 /* PBXContainerItemProxy */;
		};
/* End PBXTargetDependency section */

/* Begin XCBuildConfiguration section */
		194952D225B657B900722B49 /* Debug */ = {
			isa = XCBuildConfiguration;
			buildSettings = {
				ALWAYS_SEARCH_USER_PATHS = NO;
				CLANG_ANALYZER_NONNULL = YES;
				CLANG_ANALYZER_NUMBER_OBJECT_CONVERSION = YES_AGGRESSIVE;
				CLANG_CXX_LANGUAGE_STANDARD = "gnu++14";
				CLANG_CXX_LIBRARY = "libc++";
				CLANG_ENABLE_MODULES = YES;
				CLANG_ENABLE_OBJC_ARC = YES;
				CLANG_ENABLE_OBJC_WEAK = YES;
				CLANG_WARN_BLOCK_CAPTURE_AUTORELEASING = YES;
				CLANG_WARN_BOOL_CONVERSION = YES;
				CLANG_WARN_COMMA = YES;
				CLANG_WARN_CONSTANT_CONVERSION = YES;
				CLANG_WARN_DEPRECATED_OBJC_IMPLEMENTATIONS = YES;
				CLANG_WARN_DIRECT_OBJC_ISA_USAGE = YES_ERROR;
				CLANG_WARN_DOCUMENTATION_COMMENTS = YES;
				CLANG_WARN_EMPTY_BODY = YES;
				CLANG_WARN_ENUM_CONVERSION = YES;
				CLANG_WARN_INFINITE_RECURSION = YES;
				CLANG_WARN_INT_CONVERSION = YES;
				CLANG_WARN_NON_LITERAL_NULL_CONVERSION = YES;
				CLANG_WARN_OBJC_IMPLICIT_RETAIN_SELF = YES;
				CLANG_WARN_OBJC_LITERAL_CONVERSION = YES;
				CLANG_WARN_OBJC_ROOT_CLASS = YES_ERROR;
				CLANG_WARN_QUOTED_INCLUDE_IN_FRAMEWORK_HEADER = YES;
				CLANG_WARN_RANGE_LOOP_ANALYSIS = YES;
				CLANG_WARN_STRICT_PROTOTYPES = YES;
				CLANG_WARN_SUSPICIOUS_MOVE = YES;
				CLANG_WARN_UNGUARDED_AVAILABILITY = YES_AGGRESSIVE;
				CLANG_WARN_UNREACHABLE_CODE = YES;
				CLANG_WARN__DUPLICATE_METHOD_MATCH = YES;
				COPY_PHASE_STRIP = NO;
				DEBUG_INFORMATION_FORMAT = dwarf;
				ENABLE_STRICT_OBJC_MSGSEND = YES;
				ENABLE_TESTABILITY = YES;
				GCC_C_LANGUAGE_STANDARD = gnu11;
				GCC_DYNAMIC_NO_PIC = NO;
				GCC_NO_COMMON_BLOCKS = YES;
				GCC_OPTIMIZATION_LEVEL = 0;
				GCC_PREPROCESSOR_DEFINITIONS = (
					"DEBUG=1",
					"$(inherited)",
				);
				GCC_WARN_64_TO_32_BIT_CONVERSION = YES;
				GCC_WARN_ABOUT_RETURN_TYPE = YES_ERROR;
				GCC_WARN_UNDECLARED_SELECTOR = YES;
				GCC_WARN_UNINITIALIZED_AUTOS = YES_AGGRESSIVE;
				GCC_WARN_UNUSED_FUNCTION = YES;
				GCC_WARN_UNUSED_VARIABLE = YES;
				MTL_ENABLE_DEBUG_INFO = INCLUDE_SOURCE;
				MTL_FAST_MATH = YES;
				ONLY_ACTIVE_ARCH = YES;
				SWIFT_ACTIVE_COMPILATION_CONDITIONS = DEBUG;
				SWIFT_OPTIMIZATION_LEVEL = "-Onone";
			};
			name = Debug;
		};
		194952D325B657B900722B49 /* Release */ = {
			isa = XCBuildConfiguration;
			buildSettings = {
				ALWAYS_SEARCH_USER_PATHS = NO;
				CLANG_ANALYZER_NONNULL = YES;
				CLANG_ANALYZER_NUMBER_OBJECT_CONVERSION = YES_AGGRESSIVE;
				CLANG_CXX_LANGUAGE_STANDARD = "gnu++14";
				CLANG_CXX_LIBRARY = "libc++";
				CLANG_ENABLE_MODULES = YES;
				CLANG_ENABLE_OBJC_ARC = YES;
				CLANG_ENABLE_OBJC_WEAK = YES;
				CLANG_WARN_BLOCK_CAPTURE_AUTORELEASING = YES;
				CLANG_WARN_BOOL_CONVERSION = YES;
				CLANG_WARN_COMMA = YES;
				CLANG_WARN_CONSTANT_CONVERSION = YES;
				CLANG_WARN_DEPRECATED_OBJC_IMPLEMENTATIONS = YES;
				CLANG_WARN_DIRECT_OBJC_ISA_USAGE = YES_ERROR;
				CLANG_WARN_DOCUMENTATION_COMMENTS = YES;
				CLANG_WARN_EMPTY_BODY = YES;
				CLANG_WARN_ENUM_CONVERSION = YES;
				CLANG_WARN_INFINITE_RECURSION = YES;
				CLANG_WARN_INT_CONVERSION = YES;
				CLANG_WARN_NON_LITERAL_NULL_CONVERSION = YES;
				CLANG_WARN_OBJC_IMPLICIT_RETAIN_SELF = YES;
				CLANG_WARN_OBJC_LITERAL_CONVERSION = YES;
				CLANG_WARN_OBJC_ROOT_CLASS = YES_ERROR;
				CLANG_WARN_QUOTED_INCLUDE_IN_FRAMEWORK_HEADER = YES;
				CLANG_WARN_RANGE_LOOP_ANALYSIS = YES;
				CLANG_WARN_STRICT_PROTOTYPES = YES;
				CLANG_WARN_SUSPICIOUS_MOVE = YES;
				CLANG_WARN_UNGUARDED_AVAILABILITY = YES_AGGRESSIVE;
				CLANG_WARN_UNREACHABLE_CODE = YES;
				CLANG_WARN__DUPLICATE_METHOD_MATCH = YES;
				COPY_PHASE_STRIP = NO;
				DEBUG_INFORMATION_FORMAT = "dwarf-with-dsym";
				ENABLE_NS_ASSERTIONS = NO;
				ENABLE_STRICT_OBJC_MSGSEND = YES;
				GCC_C_LANGUAGE_STANDARD = gnu11;
				GCC_NO_COMMON_BLOCKS = YES;
				GCC_WARN_64_TO_32_BIT_CONVERSION = YES;
				GCC_WARN_ABOUT_RETURN_TYPE = YES_ERROR;
				GCC_WARN_UNDECLARED_SELECTOR = YES;
				GCC_WARN_UNINITIALIZED_AUTOS = YES_AGGRESSIVE;
				GCC_WARN_UNUSED_FUNCTION = YES;
				GCC_WARN_UNUSED_VARIABLE = YES;
				MTL_ENABLE_DEBUG_INFO = NO;
				MTL_FAST_MATH = YES;
				SWIFT_COMPILATION_MODE = wholemodule;
				SWIFT_OPTIMIZATION_LEVEL = "-O";
			};
			name = Release;
		};
		194952D525B657B900722B49 /* Debug */ = {
			isa = XCBuildConfiguration;
			buildSettings = {
				ASSETCATALOG_COMPILER_APPICON_NAME = AppIcon;
				ASSETCATALOG_COMPILER_GLOBAL_ACCENT_COLOR_NAME = AccentColor;
				CODE_SIGN_STYLE = Automatic;
				ENABLE_PREVIEWS = YES;
				INFOPLIST_FILE = iOS/Info.plist;
				IPHONEOS_DEPLOYMENT_TARGET = 14.0;
				LD_RUNPATH_SEARCH_PATHS = (
					"$(inherited)",
					"@executable_path/Frameworks",
				);
				PRODUCT_BUNDLE_IDENTIFIER = com.philliplakis.mNRL;
				PRODUCT_NAME = mNRL;
				SDKROOT = iphoneos;
				SWIFT_VERSION = 5.0;
				TARGETED_DEVICE_FAMILY = 1;
			};
			name = Debug;
		};
		194952D625B657B900722B49 /* Release */ = {
			isa = XCBuildConfiguration;
			buildSettings = {
				ASSETCATALOG_COMPILER_APPICON_NAME = AppIcon;
				ASSETCATALOG_COMPILER_GLOBAL_ACCENT_COLOR_NAME = AccentColor;
				CODE_SIGN_STYLE = Automatic;
				ENABLE_PREVIEWS = YES;
				INFOPLIST_FILE = iOS/Info.plist;
				IPHONEOS_DEPLOYMENT_TARGET = 14.0;
				LD_RUNPATH_SEARCH_PATHS = (
					"$(inherited)",
					"@executable_path/Frameworks",
				);
				PRODUCT_BUNDLE_IDENTIFIER = com.philliplakis.mNRL;
				PRODUCT_NAME = mNRL;
				SDKROOT = iphoneos;
				SWIFT_VERSION = 5.0;
				TARGETED_DEVICE_FAMILY = 1;
				VALIDATE_PRODUCT = YES;
			};
			name = Release;
		};
		194952D825B657B900722B49 /* Debug */ = {
			isa = XCBuildConfiguration;
			buildSettings = {
				ASSETCATALOG_COMPILER_APPICON_NAME = AppIcon;
				ASSETCATALOG_COMPILER_GLOBAL_ACCENT_COLOR_NAME = AccentColor;
				CODE_SIGN_ENTITLEMENTS = macOS/macOS.entitlements;
				CODE_SIGN_IDENTITY = "-";
				CODE_SIGN_STYLE = Automatic;
				COMBINE_HIDPI_IMAGES = YES;
				ENABLE_PREVIEWS = YES;
				INFOPLIST_FILE = macOS/Info.plist;
				LD_RUNPATH_SEARCH_PATHS = (
					"$(inherited)",
					"@executable_path/../Frameworks",
				);
				MACOSX_DEPLOYMENT_TARGET = 11.0;
				PRODUCT_BUNDLE_IDENTIFIER = com.philliplakis.mNRL;
				PRODUCT_NAME = mNRL;
				SDKROOT = macosx;
				SWIFT_VERSION = 5.0;
			};
			name = Debug;
		};
		194952D925B657B900722B49 /* Release */ = {
			isa = XCBuildConfiguration;
			buildSettings = {
				ASSETCATALOG_COMPILER_APPICON_NAME = AppIcon;
				ASSETCATALOG_COMPILER_GLOBAL_ACCENT_COLOR_NAME = AccentColor;
				CODE_SIGN_ENTITLEMENTS = macOS/macOS.entitlements;
				CODE_SIGN_IDENTITY = "-";
				CODE_SIGN_STYLE = Automatic;
				COMBINE_HIDPI_IMAGES = YES;
				ENABLE_PREVIEWS = YES;
				INFOPLIST_FILE = macOS/Info.plist;
				LD_RUNPATH_SEARCH_PATHS = (
					"$(inherited)",
					"@executable_path/../Frameworks",
				);
				MACOSX_DEPLOYMENT_TARGET = 11.0;
				PRODUCT_BUNDLE_IDENTIFIER = com.philliplakis.mNRL;
				PRODUCT_NAME = mNRL;
				SDKROOT = macosx;
				SWIFT_VERSION = 5.0;
			};
			name = Release;
		};
		194952DB25B657B900722B49 /* Debug */ = {
			isa = XCBuildConfiguration;
			buildSettings = {
				ALWAYS_EMBED_SWIFT_STANDARD_LIBRARIES = YES;
				CODE_SIGN_STYLE = Automatic;
				INFOPLIST_FILE = "Tests iOS/Info.plist";
				IPHONEOS_DEPLOYMENT_TARGET = 14.3;
				LD_RUNPATH_SEARCH_PATHS = (
					"$(inherited)",
					"@executable_path/Frameworks",
					"@loader_path/Frameworks",
				);
				PRODUCT_BUNDLE_IDENTIFIER = "com.philliplakis.Tests-iOS";
				PRODUCT_NAME = "$(TARGET_NAME)";
				SDKROOT = iphoneos;
				SWIFT_VERSION = 5.0;
				TARGETED_DEVICE_FAMILY = "1,2";
				TEST_TARGET_NAME = "mNRL (iOS)";
			};
			name = Debug;
		};
		194952DC25B657B900722B49 /* Release */ = {
			isa = XCBuildConfiguration;
			buildSettings = {
				ALWAYS_EMBED_SWIFT_STANDARD_LIBRARIES = YES;
				CODE_SIGN_STYLE = Automatic;
				INFOPLIST_FILE = "Tests iOS/Info.plist";
				IPHONEOS_DEPLOYMENT_TARGET = 14.3;
				LD_RUNPATH_SEARCH_PATHS = (
					"$(inherited)",
					"@executable_path/Frameworks",
					"@loader_path/Frameworks",
				);
				PRODUCT_BUNDLE_IDENTIFIER = "com.philliplakis.Tests-iOS";
				PRODUCT_NAME = "$(TARGET_NAME)";
				SDKROOT = iphoneos;
				SWIFT_VERSION = 5.0;
				TARGETED_DEVICE_FAMILY = "1,2";
				TEST_TARGET_NAME = "mNRL (iOS)";
				VALIDATE_PRODUCT = YES;
			};
			name = Release;
		};
		194952DE25B657B900722B49 /* Debug */ = {
			isa = XCBuildConfiguration;
			buildSettings = {
				ALWAYS_EMBED_SWIFT_STANDARD_LIBRARIES = YES;
				CODE_SIGN_STYLE = Automatic;
				COMBINE_HIDPI_IMAGES = YES;
				INFOPLIST_FILE = "Tests macOS/Info.plist";
				LD_RUNPATH_SEARCH_PATHS = (
					"$(inherited)",
					"@executable_path/../Frameworks",
					"@loader_path/../Frameworks",
				);
				MACOSX_DEPLOYMENT_TARGET = 11.1;
				PRODUCT_BUNDLE_IDENTIFIER = "com.philliplakis.Tests-macOS";
				PRODUCT_NAME = "$(TARGET_NAME)";
				SDKROOT = macosx;
				SWIFT_VERSION = 5.0;
				TEST_TARGET_NAME = "mNRL (macOS)";
			};
			name = Debug;
		};
		194952DF25B657B900722B49 /* Release */ = {
			isa = XCBuildConfiguration;
			buildSettings = {
				ALWAYS_EMBED_SWIFT_STANDARD_LIBRARIES = YES;
				CODE_SIGN_STYLE = Automatic;
				COMBINE_HIDPI_IMAGES = YES;
				INFOPLIST_FILE = "Tests macOS/Info.plist";
				LD_RUNPATH_SEARCH_PATHS = (
					"$(inherited)",
					"@executable_path/../Frameworks",
					"@loader_path/../Frameworks",
				);
				MACOSX_DEPLOYMENT_TARGET = 11.1;
				PRODUCT_BUNDLE_IDENTIFIER = "com.philliplakis.Tests-macOS";
				PRODUCT_NAME = "$(TARGET_NAME)";
				SDKROOT = macosx;
				SWIFT_VERSION = 5.0;
				TEST_TARGET_NAME = "mNRL (macOS)";
			};
			name = Release;
		};
/* End XCBuildConfiguration section */

/* Begin XCConfigurationList section */
		194952A125B657B500722B49 /* Build configuration list for PBXProject "mNRL" */ = {
			isa = XCConfigurationList;
			buildConfigurations = (
				194952D225B657B900722B49 /* Debug */,
				194952D325B657B900722B49 /* Release */,
			);
			defaultConfigurationIsVisible = 0;
			defaultConfigurationName = Release;
		};
		194952D425B657B900722B49 /* Build configuration list for PBXNativeTarget "mNRL (iOS)" */ = {
			isa = XCConfigurationList;
			buildConfigurations = (
				194952D525B657B900722B49 /* Debug */,
				194952D625B657B900722B49 /* Release */,
			);
			defaultConfigurationIsVisible = 0;
			defaultConfigurationName = Release;
		};
		194952D725B657B900722B49 /* Build configuration list for PBXNativeTarget "mNRL (macOS)" */ = {
			isa = XCConfigurationList;
			buildConfigurations = (
				194952D825B657B900722B49 /* Debug */,
				194952D925B657B900722B49 /* Release */,
			);
			defaultConfigurationIsVisible = 0;
			defaultConfigurationName = Release;
		};
		194952DA25B657B900722B49 /* Build configuration list for PBXNativeTarget "Tests iOS" */ = {
			isa = XCConfigurationList;
			buildConfigurations = (
				194952DB25B657B900722B49 /* Debug */,
				194952DC25B657B900722B49 /* Release */,
			);
			defaultConfigurationIsVisible = 0;
			defaultConfigurationName = Release;
		};
		194952DD25B657B900722B49 /* Build configuration list for PBXNativeTarget "Tests macOS" */ = {
			isa = XCConfigurationList;
			buildConfigurations = (
				194952DE25B657B900722B49 /* Debug */,
				194952DF25B657B900722B49 /* Release */,
			);
			defaultConfigurationIsVisible = 0;
			defaultConfigurationName = Release;
		};
/* End XCConfigurationList section */

/* Begin XCRemoteSwiftPackageReference section */
		19A048D225C1405F00EA015C /* XCRemoteSwiftPackageReference "SDWebImageSwiftUI" */ = {
			isa = XCRemoteSwiftPackageReference;
			repositoryURL = "https://github.com/SDWebImage/SDWebImageSwiftUI.git";
			requirement = {
				kind = upToNextMajorVersion;
				minimumVersion = 1.5.0;
			};
		};
/* End XCRemoteSwiftPackageReference section */

/* Begin XCSwiftPackageProductDependency section */
		19A048D325C1405F00EA015C /* SDWebImageSwiftUI */ = {
			isa = XCSwiftPackageProductDependency;
			package = 19A048D225C1405F00EA015C /* XCRemoteSwiftPackageReference "SDWebImageSwiftUI" */;
			productName = SDWebImageSwiftUI;
		};
/* End XCSwiftPackageProductDependency section */
	};
	rootObject = 1949529E25B657B500722B49 /* Project object */;
}
